dependencies:
- name: mermin
  repository: https://raw.githubusercontent.com/elastiflow/mermin/gh-pages
  version: 0.1.0-beta.9
- name: netobserv-flow
  repository: https://elastiflow.github.io/helm-chart-netobserv/
  version: 0.3.0
- name: opensearch
  repository: https://opensearch-project.github.io/helm-charts/
  version: 3.3.1
- name: opensearch-dashboards
  repository: https://opensearch-project.github.io/helm-charts/
  version: 3.3.0
digest: sha256:1ce678cdd567ddd9ca8c7533e97afe4934d5fcc64eb76e75a6f43f5d881361b5
generated: "2025-10-28T14:03:36.375132+02:00"
