dependencies:
- name: mermin
  repository: https://elastiflow.github.io/mermin/
  version: 0.2.0
- name: netobserv-flow
  repository: https://elastiflow.github.io/helm-chart-netobserv/
  version: 0.8.1
- name: opensearch
  repository: https://opensearch-project.github.io/helm-charts/
  version: 3.5.0
- name: opensearch-dashboards
  repository: https://opensearch-project.github.io/helm-charts/
  version: 3.5.0
digest: sha256:68d280feeb04b66d022c35bdec540d4c521efc6c396a0f5433c0a42d2e0b393d
generated: "2026-02-20T10:20:15.726241-08:00"
