dependencies:
- name: mermin
  repository: https://elastiflow.github.io/mermin/
  version: 0.1.0-beta.25
- name: netobserv-flow
  repository: https://elastiflow.github.io/helm-chart-netobserv/
  version: 0.5.2
- name: opensearch
  repository: https://opensearch-project.github.io/helm-charts/
  version: 3.3.2
- name: opensearch-dashboards
  repository: https://opensearch-project.github.io/helm-charts/
  version: 3.3.0
digest: sha256:7f1b2588c3978f220a358d98cf8dba0364cf89fbffd2d5b90a3444cf81fa598b
generated: "2025-11-11T11:59:12.79532+02:00"
